<?xml version="1.0" encoding="utf-8"?>
<Project ToolsVersion="4.0" xmlns="http://schemas.microsoft.com/developer/msbuild/2003">
  <ItemGroup>
    <Filter Include="Source Files">
      <UniqueIdentifier>{4FC737F1-C7A5-4376-A066-2A32D752A2FF}</UniqueIdentifier>
      <Extensions>cpp;c;cc;cxx;def;odl;idl;hpj;bat;asm;asmx</Extensions>
    </Filter>
    <Filter Include="Header Files">
      <UniqueIdentifier>{93995380-89BD-4b04-88EB-625FBE52EBFB}</UniqueIdentifier>
      <Extensions>h;hh;hpp;hxx;hm;inl;inc;xsd</Extensions>
    </Filter>
    <Filter Include="Resource Files">
      <UniqueIdentifier>{67DA6AB6-F800-4c08-8B7A-83BB121AAD01}</UniqueIdentifier>
      <Extensions>rc;ico;cur;bmp;dlg;rc2;rct;bin;rgs;gif;jpg;jpeg;jpe;resx;tiff;tif;png;wav;mfcribbon-ms</Extensions>
    </Filter>
  </ItemGroup>
  <ItemGroup>
    <Text Include="ReadMe.txt" />
  </ItemGroup>
  <ItemGroup>
    <ClCompile Include="..\..\webrtc\system_wrappers\source\aligned_malloc.cc">
      <Filter>Source Files</Filter>
    </ClCompile>
    <ClCompile Include="..\..\webrtc\system_wrappers\source\atomic32_win.cc">
      <Filter>Source Files</Filter>
    </ClCompile>
    <ClCompile Include="..\..\webrtc\system_wrappers\source\clock.cc">
      <Filter>Source Files</Filter>
    </ClCompile>
    <ClCompile Include="..\..\webrtc\system_wrappers\source\condition_variable_event_win.cc">
      <Filter>Source Files</Filter>
    </ClCompile>
    <ClCompile Include="..\..\webrtc\system_wrappers\source\cpu_features.cc">
      <Filter>Source Files</Filter>
    </ClCompile>
    <ClCompile Include="..\..\webrtc\system_wrappers\source\cpu_info.cc">
      <Filter>Source Files</Filter>
    </ClCompile>
    <ClCompile Include="..\..\webrtc\system_wrappers\source\event_timer_win.cc">
      <Filter>Source Files</Filter>
    </ClCompile>
    <ClCompile Include="..\..\webrtc\system_wrappers\source\field_trial_default.cc">
      <Filter>Source Files</Filter>
    </ClCompile>
    <ClCompile Include="..\..\webrtc\system_wrappers\source\file_impl.cc">
      <Filter>Source Files</Filter>
    </ClCompile>
    <ClCompile Include="..\..\webrtc\system_wrappers\source\logging.cc">
      <Filter>Source Files</Filter>
    </ClCompile>
    <ClCompile Include="..\..\webrtc\system_wrappers\source\metrics_default.cc">
      <Filter>Source Files</Filter>
    </ClCompile>
    <ClCompile Include="..\..\webrtc\system_wrappers\source\rtp_to_ntp_estimator.cc">
      <Filter>Source Files</Filter>
    </ClCompile>
    <ClCompile Include="..\..\webrtc\system_wrappers\source\rw_lock.cc">
      <Filter>Source Files</Filter>
    </ClCompile>
    <ClCompile Include="..\..\webrtc\system_wrappers\source\rw_lock_win.cc">
      <Filter>Source Files</Filter>
    </ClCompile>
    <ClCompile Include="..\..\webrtc\system_wrappers\source\rw_lock_winxp_win.cc">
      <Filter>Source Files</Filter>
    </ClCompile>
    <ClCompile Include="..\..\webrtc\system_wrappers\source\sleep.cc">
      <Filter>Source Files</Filter>
    </ClCompile>
    <ClCompile Include="..\..\webrtc\system_wrappers\source\timestamp_extrapolator.cc">
      <Filter>Source Files</Filter>
    </ClCompile>
    <ClCompile Include="..\..\webrtc\system_wrappers\source\trace_impl.cc">
      <Filter>Source Files</Filter>
    </ClCompile>
    <ClCompile Include="..\..\webrtc\system_wrappers\source\trace_win.cc">
      <Filter>Source Files</Filter>
    </ClCompile>
    <ClCompile Include="..\..\webrtc\system_wrappers\source\event.cc">
      <Filter>Source Files</Filter>
    </ClCompile>
  </ItemGroup>
  <ItemGroup>
    <ClInclude Include="..\..\webrtc\system_wrappers\source\condition_variable_event_win.h">
      <Filter>Header Files</Filter>
    </ClInclude>
    <ClInclude Include="..\..\webrtc\system_wrappers\source\rw_lock_win.h">
      <Filter>Header Files</Filter>
    </ClInclude>
    <ClInclude Include="..\..\webrtc\system_wrappers\source\rw_lock_winxp_win.h">
      <Filter>Header Files</Filter>
    </ClInclude>
    <ClInclude Include="..\..\webrtc\system_wrappers\source\trace_impl.h">
      <Filter>Header Files</Filter>
    </ClInclude>
    <ClInclude Include="..\..\webrtc\system_wrappers\source\trace_win.h">
      <Filter>Header Files</Filter>
    </ClInclude>
  </ItemGroup>
</Project>