<?xml version="1.0" encoding="utf-8"?>
<Project ToolsVersion="4.0" xmlns="http://schemas.microsoft.com/developer/msbuild/2003">
  <ItemGroup>
    <Filter Include="Source Files">
      <UniqueIdentifier>{4FC737F1-C7A5-4376-A066-2A32D752A2FF}</UniqueIdentifier>
      <Extensions>cpp;c;cc;cxx;def;odl;idl;hpj;bat;asm;asmx</Extensions>
    </Filter>
    <Filter Include="numerics">
      <UniqueIdentifier>{4b0e8795-6728-4f51-bacd-3b3956612ad2}</UniqueIdentifier>
    </Filter>
  </ItemGroup>
  <ItemGroup>
    <Text Include="ReadMe.txt" />
  </ItemGroup>
  <ItemGroup>
    <ClCompile Include="..\..\webrtc\base\asyncinvoker.cc">
      <Filter>Source Files</Filter>
    </ClCompile>
    <ClCompile Include="..\..\webrtc\base\asyncpacketsocket.cc">
      <Filter>Source Files</Filter>
    </ClCompile>
    <ClCompile Include="..\..\webrtc\base\asyncresolverinterface.cc">
      <Filter>Source Files</Filter>
    </ClCompile>
    <ClCompile Include="..\..\webrtc\base\asyncsocket.cc">
      <Filter>Source Files</Filter>
    </ClCompile>
    <ClCompile Include="..\..\webrtc\base\asynctcpsocket.cc">
      <Filter>Source Files</Filter>
    </ClCompile>
    <ClCompile Include="..\..\webrtc\base\asyncudpsocket.cc">
      <Filter>Source Files</Filter>
    </ClCompile>
    <ClCompile Include="..\..\webrtc\base\base64.cc">
      <Filter>Source Files</Filter>
    </ClCompile>
    <ClCompile Include="..\..\webrtc\base\bitbuffer.cc">
      <Filter>Source Files</Filter>
    </ClCompile>
    <ClCompile Include="..\..\webrtc\base\bufferqueue.cc">
      <Filter>Source Files</Filter>
    </ClCompile>
    <ClCompile Include="..\..\webrtc\base\bytebuffer.cc">
      <Filter>Source Files</Filter>
    </ClCompile>
    <ClCompile Include="..\..\webrtc\base\checks.cc">
      <Filter>Source Files</Filter>
    </ClCompile>
    <ClCompile Include="..\..\webrtc\base\common.cc">
      <Filter>Source Files</Filter>
    </ClCompile>
    <ClCompile Include="..\..\webrtc\base\copyonwritebuffer.cc">
      <Filter>Source Files</Filter>
    </ClCompile>
    <ClCompile Include="..\..\webrtc\base\crc32.cc">
      <Filter>Source Files</Filter>
    </ClCompile>
    <ClCompile Include="..\..\webrtc\base\criticalsection.cc">
      <Filter>Source Files</Filter>
    </ClCompile>
    <ClCompile Include="..\..\webrtc\base\cryptstring.cc">
      <Filter>Source Files</Filter>
    </ClCompile>
    <ClCompile Include="..\..\webrtc\base\event.cc">
      <Filter>Source Files</Filter>
    </ClCompile>
    <ClCompile Include="..\..\webrtc\base\event_tracer.cc">
      <Filter>Source Files</Filter>
    </ClCompile>
    <ClCompile Include="..\..\webrtc\base\fakeclock.cc">
      <Filter>Source Files</Filter>
    </ClCompile>
    <ClCompile Include="..\..\webrtc\base\file.cc">
      <Filter>Source Files</Filter>
    </ClCompile>
    <ClCompile Include="..\..\webrtc\base\file_win.cc">
      <Filter>Source Files</Filter>
    </ClCompile>
    <ClCompile Include="..\..\webrtc\base\filerotatingstream.cc">
      <Filter>Source Files</Filter>
    </ClCompile>
    <ClCompile Include="..\..\webrtc\base\fileutils.cc">
      <Filter>Source Files</Filter>
    </ClCompile>
    <ClCompile Include="..\..\webrtc\base\firewallsocketserver.cc">
      <Filter>Source Files</Filter>
    </ClCompile>
    <ClCompile Include="..\..\webrtc\base\flags.cc">
      <Filter>Source Files</Filter>
    </ClCompile>
    <ClCompile Include="..\..\webrtc\base\helpers.cc">
      <Filter>Source Files</Filter>
    </ClCompile>
    <ClCompile Include="..\..\webrtc\base\httpbase.cc">
      <Filter>Source Files</Filter>
    </ClCompile>
    <ClCompile Include="..\..\webrtc\base\httpcommon.cc">
      <Filter>Source Files</Filter>
    </ClCompile>
    <ClCompile Include="..\..\webrtc\base\httpserver.cc">
      <Filter>Source Files</Filter>
    </ClCompile>
    <ClCompile Include="..\..\webrtc\base\ipaddress.cc">
      <Filter>Source Files</Filter>
    </ClCompile>
    <ClCompile Include="..\..\webrtc\base\json.cc">
      <Filter>Source Files</Filter>
    </ClCompile>
    <ClCompile Include="..\..\webrtc\base\location.cc">
      <Filter>Source Files</Filter>
    </ClCompile>
    <ClCompile Include="..\..\webrtc\base\logging.cc">
      <Filter>Source Files</Filter>
    </ClCompile>
    <ClCompile Include="..\..\webrtc\base\logsinks.cc">
      <Filter>Source Files</Filter>
    </ClCompile>
    <ClCompile Include="..\..\webrtc\base\md5.cc">
      <Filter>Source Files</Filter>
    </ClCompile>
    <ClCompile Include="..\..\webrtc\base\md5digest.cc">
      <Filter>Source Files</Filter>
    </ClCompile>
    <ClCompile Include="..\..\webrtc\base\messagedigest.cc">
      <Filter>Source Files</Filter>
    </ClCompile>
    <ClCompile Include="..\..\webrtc\base\messagehandler.cc">
      <Filter>Source Files</Filter>
    </ClCompile>
    <ClCompile Include="..\..\webrtc\base\messagequeue.cc">
      <Filter>Source Files</Filter>
    </ClCompile>
    <ClCompile Include="..\..\webrtc\base\natserver.cc">
      <Filter>Source Files</Filter>
    </ClCompile>
    <ClCompile Include="..\..\webrtc\base\natsocketfactory.cc">
      <Filter>Source Files</Filter>
    </ClCompile>
    <ClCompile Include="..\..\webrtc\base\nattypes.cc">
      <Filter>Source Files</Filter>
    </ClCompile>
    <ClCompile Include="..\..\webrtc\base\nethelpers.cc">
      <Filter>Source Files</Filter>
    </ClCompile>
    <ClCompile Include="..\..\webrtc\base\network.cc">
      <Filter>Source Files</Filter>
    </ClCompile>
    <ClCompile Include="..\..\webrtc\base\networkmonitor.cc">
      <Filter>Source Files</Filter>
    </ClCompile>
    <ClCompile Include="..\..\webrtc\base\nullsocketserver.cc">
      <Filter>Source Files</Filter>
    </ClCompile>
    <ClCompile Include="..\..\webrtc\base\openssladapter.cc">
      <Filter>Source Files</Filter>
    </ClCompile>
    <ClCompile Include="..\..\webrtc\base\openssldigest.cc">
      <Filter>Source Files</Filter>
    </ClCompile>
    <ClCompile Include="..\..\webrtc\base\opensslidentity.cc">
      <Filter>Source Files</Filter>
    </ClCompile>
    <ClCompile Include="..\..\webrtc\base\opensslstreamadapter.cc">
      <Filter>Source Files</Filter>
    </ClCompile>
    <ClCompile Include="..\..\webrtc\base\optional.cc">
      <Filter>Source Files</Filter>
    </ClCompile>
    <ClCompile Include="..\..\webrtc\base\optionsfile.cc">
      <Filter>Source Files</Filter>
    </ClCompile>
    <ClCompile Include="..\..\webrtc\base\pathutils.cc">
      <Filter>Source Files</Filter>
    </ClCompile>
    <ClCompile Include="..\..\webrtc\base\physicalsocketserver.cc">
      <Filter>Source Files</Filter>
    </ClCompile>
    <ClCompile Include="..\..\webrtc\base\platform_file.cc">
      <Filter>Source Files</Filter>
    </ClCompile>
    <ClCompile Include="..\..\webrtc\base\platform_thread.cc">
      <Filter>Source Files</Filter>
    </ClCompile>
    <ClCompile Include="..\..\webrtc\base\proxyinfo.cc">
      <Filter>Source Files</Filter>
    </ClCompile>
    <ClCompile Include="..\..\webrtc\base\proxyserver.cc">
      <Filter>Source Files</Filter>
    </ClCompile>
    <ClCompile Include="..\..\webrtc\base\race_checker.cc">
      <Filter>Source Files</Filter>
    </ClCompile>
    <ClCompile Include="..\..\webrtc\base\random.cc">
      <Filter>Source Files</Filter>
    </ClCompile>
    <ClCompile Include="..\..\webrtc\base\rate_limiter.cc">
      <Filter>Source Files</Filter>
    </ClCompile>
    <ClCompile Include="..\..\webrtc\base\rate_statistics.cc">
      <Filter>Source Files</Filter>
    </ClCompile>
    <ClCompile Include="..\..\webrtc\base\ratelimiter.cc">
      <Filter>Source Files</Filter>
    </ClCompile>
    <ClCompile Include="..\..\webrtc\base\ratetracker.cc">
      <Filter>Source Files</Filter>
    </ClCompile>
    <ClCompile Include="..\..\webrtc\base\rtccertificate.cc">
      <Filter>Source Files</Filter>
    </ClCompile>
    <ClCompile Include="..\..\webrtc\base\rtccertificategenerator.cc">
      <Filter>Source Files</Filter>
    </ClCompile>
    <ClCompile Include="..\..\webrtc\base\sequenced_task_checker_impl.cc">
      <Filter>Source Files</Filter>
    </ClCompile>
    <ClCompile Include="..\..\webrtc\base\sha1.cc">
      <Filter>Source Files</Filter>
    </ClCompile>
    <ClCompile Include="..\..\webrtc\base\sha1digest.cc">
      <Filter>Source Files</Filter>
    </ClCompile>
    <ClCompile Include="..\..\webrtc\base\sharedexclusivelock.cc">
      <Filter>Source Files</Filter>
    </ClCompile>
    <ClCompile Include="..\..\webrtc\base\signalthread.cc">
      <Filter>Source Files</Filter>
    </ClCompile>
    <ClCompile Include="..\..\webrtc\base\sigslot.cc">
      <Filter>Source Files</Filter>
    </ClCompile>
    <ClCompile Include="..\..\webrtc\base\socketadapters.cc">
      <Filter>Source Files</Filter>
    </ClCompile>
    <ClCompile Include="..\..\webrtc\base\socketaddress.cc">
      <Filter>Source Files</Filter>
    </ClCompile>
    <ClCompile Include="..\..\webrtc\base\socketaddresspair.cc">
      <Filter>Source Files</Filter>
    </ClCompile>
    <ClCompile Include="..\..\webrtc\base\socketstream.cc">
      <Filter>Source Files</Filter>
    </ClCompile>
    <ClCompile Include="..\..\webrtc\base\ssladapter.cc">
      <Filter>Source Files</Filter>
    </ClCompile>
    <ClCompile Include="..\..\webrtc\base\sslfingerprint.cc">
      <Filter>Source Files</Filter>
    </ClCompile>
    <ClCompile Include="..\..\webrtc\base\sslidentity.cc">
      <Filter>Source Files</Filter>
    </ClCompile>
    <ClCompile Include="..\..\webrtc\base\sslstreamadapter.cc">
      <Filter>Source Files</Filter>
    </ClCompile>
    <ClCompile Include="..\..\webrtc\base\stream.cc">
      <Filter>Source Files</Filter>
    </ClCompile>
    <ClCompile Include="..\..\webrtc\base\stringencode.cc">
      <Filter>Source Files</Filter>
    </ClCompile>
    <ClCompile Include="..\..\webrtc\base\stringutils.cc">
      <Filter>Source Files</Filter>
    </ClCompile>
    <ClCompile Include="..\..\webrtc\base\task.cc">
      <Filter>Source Files</Filter>
    </ClCompile>
    <ClCompile Include="..\..\webrtc\base\task_queue_win.cc">
      <Filter>Source Files</Filter>
    </ClCompile>
    <ClCompile Include="..\..\webrtc\base\taskparent.cc">
      <Filter>Source Files</Filter>
    </ClCompile>
    <ClCompile Include="..\..\webrtc\base\taskrunner.cc">
      <Filter>Source Files</Filter>
    </ClCompile>
    <ClCompile Include="..\..\webrtc\base\testclient.cc">
      <Filter>Source Files</Filter>
    </ClCompile>
    <ClCompile Include="..\..\webrtc\base\thread.cc">
      <Filter>Source Files</Filter>
    </ClCompile>
    <ClCompile Include="..\..\webrtc\base\thread_checker_impl.cc">
      <Filter>Source Files</Filter>
    </ClCompile>
    <ClCompile Include="..\..\webrtc\base\timestampaligner.cc">
      <Filter>Source Files</Filter>
    </ClCompile>
    <ClCompile Include="..\..\webrtc\base\timeutils.cc">
      <Filter>Source Files</Filter>
    </ClCompile>
    <ClCompile Include="..\..\webrtc\base\transformadapter.cc">
      <Filter>Source Files</Filter>
    </ClCompile>
    <ClCompile Include="..\..\webrtc\base\virtualsocketserver.cc">
      <Filter>Source Files</Filter>
    </ClCompile>
    <ClCompile Include="..\..\webrtc\base\weak_ptr.cc">
      <Filter>Source Files</Filter>
    </ClCompile>
    <ClCompile Include="..\..\webrtc\base\win32.cc">
      <Filter>Source Files</Filter>
    </ClCompile>
    <ClCompile Include="..\..\webrtc\base\win32filesystem.cc">
      <Filter>Source Files</Filter>
    </ClCompile>
    <ClCompile Include="..\..\webrtc\base\win32securityerrors.cc">
      <Filter>Source Files</Filter>
    </ClCompile>
    <ClCompile Include="..\..\webrtc\base\win32socketinit.cc">
      <Filter>Source Files</Filter>
    </ClCompile>
    <ClCompile Include="..\..\webrtc\base\win32socketserver.cc">
      <Filter>Source Files</Filter>
    </ClCompile>
    <ClCompile Include="..\..\webrtc\base\win32window.cc">
      <Filter>Source Files</Filter>
    </ClCompile>
    <ClCompile Include="..\..\webrtc\base\winping.cc">
      <Filter>Source Files</Filter>
    </ClCompile>
    <ClCompile Include="..\..\webrtc\base\numerics\exp_filter.cc">
      <Filter>numerics</Filter>
    </ClCompile>
  </ItemGroup>
  <ItemGroup>
    <ClInclude Include="..\..\webrtc\base\numerics\exp_filter.h">
      <Filter>numerics</Filter>
    </ClInclude>
    <ClInclude Include="..\..\webrtc\base\numerics\percentile_filter.h">
      <Filter>numerics</Filter>
    </ClInclude>
  </ItemGroup>
</Project>