<?xml version="1.0" encoding="utf-8"?>
<Project ToolsVersion="4.0" xmlns="http://schemas.microsoft.com/developer/msbuild/2003">
  <ItemGroup>
    <Filter Include="xmllite">
      <UniqueIdentifier>{c57a33a7-ef83-480a-92d9-f808806ab7a9}</UniqueIdentifier>
    </Filter>
    <Filter Include="xmpp">
      <UniqueIdentifier>{2a6790dc-11d6-4e5b-bd0b-8a7f276112b6}</UniqueIdentifier>
    </Filter>
  </ItemGroup>
</Project>