
Microsoft Visual Studio Solution File, Format Version 12.00
# Visual Studio 14
VisualStudioVersion = 14.0.25420.1
MinimumVisualStudioVersion = 10.0.40219.1
Project("{8BC9CEB8-8B4A-11D0-8D11-00A0C91BC942}") = "peerconnect_client", "peerconnect_client\peerconnect_client.vcxproj", "{19700D6F-3090-41B8-B0A9-EC0979910CCC}"
	ProjectSection(ProjectDependencies) = postProject
		{6419E10B-1FA0-4B93-AFC8-6499B2A6CE11} = {6419E10B-1FA0-4B93-AFC8-6499B2A6CE11}
		{7806C90D-2ECA-4F02-9047-8701D1F72700} = {7806C90D-2ECA-4F02-9047-8701D1F72700}
		{C841E40F-28AE-4B4B-A341-3764F60E29DC} = {C841E40F-28AE-4B4B-A341-3764F60E29DC}
		{AA614A11-B44E-4E60-A416-A94C6669DEC2} = {AA614A11-B44E-4E60-A416-A94C6669DEC2}
		{884F1717-B156-46DA-BDD2-D218F3329E11} = {884F1717-B156-46DA-BDD2-D218F3329E11}
		{31504735-2D20-4258-8FD0-9D034EE6C172} = {31504735-2D20-4258-8FD0-9D034EE6C172}
		{7ED72A38-6E9A-4B6D-A137-03E9D836D0A0} = {7ED72A38-6E9A-4B6D-A137-03E9D836D0A0}
		{C0EBC33E-CD4E-4D15-9785-A7697431BA9B} = {C0EBC33E-CD4E-4D15-9785-A7697431BA9B}
		{8B3BD23E-65B1-4C40-B276-5F1E97152610} = {8B3BD23E-65B1-4C40-B276-5F1E97152610}
		{E28A7F42-F065-4ADA-96A0-A4F701940057} = {E28A7F42-F065-4ADA-96A0-A4F701940057}
		{A0B9FB45-49E8-4B73-A7AF-D8EF59DAD249} = {A0B9FB45-49E8-4B73-A7AF-D8EF59DAD249}
		{62877A50-12B4-4220-B3DE-20DA917E5699} = {62877A50-12B4-4220-B3DE-20DA917E5699}
		{D7F98350-356B-4FDC-92EF-95F793CF2AD0} = {D7F98350-356B-4FDC-92EF-95F793CF2AD0}
		{06D22656-CAB8-4629-95BC-568A269B0F10} = {06D22656-CAB8-4629-95BC-568A269B0F10}
		{B21D3359-29B5-4343-A642-93DF86E1E4FF} = {B21D3359-29B5-4343-A642-93DF86E1E4FF}
		{DCA9E05A-D1D3-48A6-8D8E-3372EAC962C8} = {DCA9E05A-D1D3-48A6-8D8E-3372EAC962C8}
		{2F7ED366-65C8-450B-9755-71F84EC35008} = {2F7ED366-65C8-450B-9755-71F84EC35008}
		{F5944170-E5F1-4BB8-B68B-BD86D3773D82} = {F5944170-E5F1-4BB8-B68B-BD86D3773D82}
		{3C044371-858C-42C7-A217-9B583D4001F7} = {3C044371-858C-42C7-A217-9B583D4001F7}
		{3EB8CF75-DCBC-4A94-B170-1DDD609B2BF9} = {3EB8CF75-DCBC-4A94-B170-1DDD609B2BF9}
		{0DD7B887-DCFA-4B19-84B5-F253A9AE56EF} = {0DD7B887-DCFA-4B19-84B5-F253A9AE56EF}
		{B7D55E90-6AF9-4884-8D05-D6C668919045} = {B7D55E90-6AF9-4884-8D05-D6C668919045}
		{75472A94-C943-4ADD-BBF4-7BF18A530B59} = {75472A94-C943-4ADD-BBF4-7BF18A530B59}
		{38B4169A-6AEC-4278-BA27-7FF331AA6081} = {38B4169A-6AEC-4278-BA27-7FF331AA6081}
		{4558FBA6-9717-4B96-8CE4-F77A34F804AF} = {4558FBA6-9717-4B96-8CE4-F77A34F804AF}
		{C6A96EB8-56B6-46D0-A884-9D16398538CB} = {C6A96EB8-56B6-46D0-A884-9D16398538CB}
		{DD142FC0-C122-4193-B4C8-356DAD50ABEC} = {DD142FC0-C122-4193-B4C8-356DAD50ABEC}
		{53359DC6-253A-4CF5-9F26-C35937F9A78C} = {53359DC6-253A-4CF5-9F26-C35937F9A78C}
		{F2E121D2-94F3-42EE-A6BD-CE6613FDFFAC} = {F2E121D2-94F3-42EE-A6BD-CE6613FDFFAC}
		{B944F7E4-8BB2-4087-BD4D-A234A0C22560} = {B944F7E4-8BB2-4087-BD4D-A234A0C22560}
		{FF32D4F0-9E67-49AE-9544-E514510A4E59} = {FF32D4F0-9E67-49AE-9544-E514510A4E59}
		{295733F7-CD21-49F7-A5F5-097D62CEC2E3} = {295733F7-CD21-49F7-A5F5-097D62CEC2E3}
	EndProjectSection
EndProject
Project("{8BC9CEB8-8B4A-11D0-8D11-00A0C91BC942}") = "peerconnect_server", "peerconnect_server\peerconnect_server.vcxproj", "{A64A26E7-BF71-4F3B-B0C5-033CE5635182}"
EndProject
Project("{8BC9CEB8-8B4A-11D0-8D11-00A0C91BC942}") = "webrtc", "webrtc\webrtc.vcxproj", "{62877A50-12B4-4220-B3DE-20DA917E5699}"
EndProject
Project("{8BC9CEB8-8B4A-11D0-8D11-00A0C91BC942}") = "webrtc_system_wrappers", "webrtc_system_wrappers\webrtc_system_wrappers.vcxproj", "{06D22656-CAB8-4629-95BC-568A269B0F10}"
EndProject
Project("{8BC9CEB8-8B4A-11D0-8D11-00A0C91BC942}") = "webrtc_p2p", "webrtc_p2p\webrtc_p2p.vcxproj", "{B944F7E4-8BB2-4087-BD4D-A234A0C22560}"
EndProject
Project("{8BC9CEB8-8B4A-11D0-8D11-00A0C91BC942}") = "webrtc_p2p_stunprober", "webrtc_p2p_stunprober\webrtc_p2p_stunprober.vcxproj", "{4382C989-4AA4-42BC-89D4-E34D84799DB3}"
EndProject
Project("{8BC9CEB8-8B4A-11D0-8D11-00A0C91BC942}") = "webrtc_base", "webrtc_base\webrtc_base.vcxproj", "{4558FBA6-9717-4B96-8CE4-F77A34F804AF}"
EndProject
Project("{8BC9CEB8-8B4A-11D0-8D11-00A0C91BC942}") = "webrtc_tools", "webrtc_tools\webrtc_tools.vcxproj", "{DCA9E05A-D1D3-48A6-8D8E-3372EAC962C8}"
EndProject
Project("{8BC9CEB8-8B4A-11D0-8D11-00A0C91BC942}") = "webrtc_libjingle", "webrtc_libjingle\webrtc_libjingle.vcxproj", "{F5944170-E5F1-4BB8-B68B-BD86D3773D82}"
EndProject
Project("{8BC9CEB8-8B4A-11D0-8D11-00A0C91BC942}") = "webrtc_media", "webrtc_media\webrtc_media.vcxproj", "{8B3BD23E-65B1-4C40-B276-5F1E97152610}"
EndProject
Project("{8BC9CEB8-8B4A-11D0-8D11-00A0C91BC942}") = "webrtc_modules", "webrtc_modules\webrtc_modules.vcxproj", "{7806C90D-2ECA-4F02-9047-8701D1F72700}"
EndProject
Project("{8BC9CEB8-8B4A-11D0-8D11-00A0C91BC942}") = "webrtc_common_audio", "webrtc_common_audio\webrtc_common_audio.vcxproj", "{53359DC6-253A-4CF5-9F26-C35937F9A78C}"
EndProject
Project("{8BC9CEB8-8B4A-11D0-8D11-00A0C91BC942}") = "webrtc_common_video", "webrtc_common_video\webrtc_common_video.vcxproj", "{C6A96EB8-56B6-46D0-A884-9D16398538CB}"
EndProject
Project("{8BC9CEB8-8B4A-11D0-8D11-00A0C91BC942}") = "webrtc_voice_engine", "webrtc_voice_engine\webrtc_voice_engine.vcxproj", "{D7F98350-356B-4FDC-92EF-95F793CF2AD0}"
EndProject
Project("{8BC9CEB8-8B4A-11D0-8D11-00A0C91BC942}") = "webrtc_video", "webrtc_video\webrtc_video.vcxproj", "{FF32D4F0-9E67-49AE-9544-E514510A4E59}"
EndProject
Project("{8BC9CEB8-8B4A-11D0-8D11-00A0C91BC942}") = "webrtc_pc", "webrtc_pc\webrtc_pc.vcxproj", "{31504735-2D20-4258-8FD0-9D034EE6C172}"
EndProject
Project("{8BC9CEB8-8B4A-11D0-8D11-00A0C91BC942}") = "webrtc_call", "webrtc_call\webrtc_call.vcxproj", "{295733F7-CD21-49F7-A5F5-097D62CEC2E3}"
EndProject
Project("{8BC9CEB8-8B4A-11D0-8D11-00A0C91BC942}") = "webrtc_module_rtp", "webrtc_module_rtp\webrtc_module_rtp.vcxproj", "{6419E10B-1FA0-4B93-AFC8-6499B2A6CE11}"
EndProject
Project("{8BC9CEB8-8B4A-11D0-8D11-00A0C91BC942}") = "webrtc_module_audio_coding", "webrtc_module_audio_coding\webrtc_module_audio_coding.vcxproj", "{2F7ED366-65C8-450B-9755-71F84EC35008}"
EndProject
Project("{8BC9CEB8-8B4A-11D0-8D11-00A0C91BC942}") = "webrtc_module_video_coding", "webrtc_module_video_coding\webrtc_module_video_coding.vcxproj", "{C841E40F-28AE-4B4B-A341-3764F60E29DC}"
EndProject
Project("{8BC9CEB8-8B4A-11D0-8D11-00A0C91BC942}") = "webrtc_codec_isac", "webrtc_codec_isac\webrtc_codec_isac.vcxproj", "{F2E121D2-94F3-42EE-A6BD-CE6613FDFFAC}"
EndProject
Project("{8BC9CEB8-8B4A-11D0-8D11-00A0C91BC942}") = "webrtc_codec_cng", "webrtc_codec_cng\webrtc_codec_cng.vcxproj", "{B7D55E90-6AF9-4884-8D05-D6C668919045}"
EndProject
Project("{8BC9CEB8-8B4A-11D0-8D11-00A0C91BC942}") = "webrtc_codec_g711", "webrtc_codec_g711\webrtc_codec_g711.vcxproj", "{B21D3359-29B5-4343-A642-93DF86E1E4FF}"
EndProject
Project("{8BC9CEB8-8B4A-11D0-8D11-00A0C91BC942}") = "webrtc_codec_g722", "webrtc_codec_g722\webrtc_codec_g722.vcxproj", "{38B4169A-6AEC-4278-BA27-7FF331AA6081}"
EndProject
Project("{8BC9CEB8-8B4A-11D0-8D11-00A0C91BC942}") = "webrtc_codec_ilbc", "webrtc_codec_ilbc\webrtc_codec_ilbc.vcxproj", "{3EB8CF75-DCBC-4A94-B170-1DDD609B2BF9}"
EndProject
Project("{8BC9CEB8-8B4A-11D0-8D11-00A0C91BC942}") = "webrtc_codec_opus", "webrtc_codec_opus\webrtc_codec_opus.vcxproj", "{CEBE513E-A733-4338-A06B-B8D674FF8E35}"
EndProject
Project("{8BC9CEB8-8B4A-11D0-8D11-00A0C91BC942}") = "webrtc_codec_pcm16b", "webrtc_codec_pcm16b\webrtc_codec_pcm16b.vcxproj", "{7ED72A38-6E9A-4B6D-A137-03E9D836D0A0}"
EndProject
Project("{8BC9CEB8-8B4A-11D0-8D11-00A0C91BC942}") = "webrtc_codec_red", "webrtc_codec_red\webrtc_codec_red.vcxproj", "{884F1717-B156-46DA-BDD2-D218F3329E11}"
EndProject
Project("{8BC9CEB8-8B4A-11D0-8D11-00A0C91BC942}") = "webrtc_audio", "webrtc_audio\webrtc_audio.vcxproj", "{DD142FC0-C122-4193-B4C8-356DAD50ABEC}"
EndProject
Project("{8BC9CEB8-8B4A-11D0-8D11-00A0C91BC942}") = "webrtc_codec_vp8", "webrtc_codec_vp8\webrtc_codec_vp8.vcxproj", "{75472A94-C943-4ADD-BBF4-7BF18A530B59}"
EndProject
Project("{8BC9CEB8-8B4A-11D0-8D11-00A0C91BC942}") = "webrtc_codec_h264", "webrtc_codec_h264\webrtc_codec_h264.vcxproj", "{AA614A11-B44E-4E60-A416-A94C6669DEC2}"
EndProject
Project("{8BC9CEB8-8B4A-11D0-8D11-00A0C91BC942}") = "webrtc_codec_vp9", "webrtc_codec_vp9\webrtc_codec_vp9.vcxproj", "{E28A7F42-F065-4ADA-96A0-A4F701940057}"
EndProject
Project("{8BC9CEB8-8B4A-11D0-8D11-00A0C91BC942}") = "webrtc_codec_i420", "webrtc_codec_i420\webrtc_codec_i420.vcxproj", "{A0B9FB45-49E8-4B73-A7AF-D8EF59DAD249}"
EndProject
Project("{2150E333-8FDC-42A3-9474-1A3956D46DE8}") = "examples", "examples", "{66E88ED9-B157-43C1-9E7C-46B5585C9D8B}"
EndProject
Project("{8BC9CEB8-8B4A-11D0-8D11-00A0C91BC942}") = "stunserver", "stunserver\stunserver.vcxproj", "{6C12DFF3-80B0-43F3-814A-ED4DA5443EBE}"
EndProject
Project("{8BC9CEB8-8B4A-11D0-8D11-00A0C91BC942}") = "relayserver", "relayserver\relayserver.vcxproj", "{33340202-960B-4CCE-8BF8-169A9115302E}"
EndProject
Project("{8BC9CEB8-8B4A-11D0-8D11-00A0C91BC942}") = "turnserver", "turnserver\turnserver.vcxproj", "{15404258-6543-46EC-85EE-7E4BBDE86328}"
EndProject
Project("{8BC9CEB8-8B4A-11D0-8D11-00A0C91BC942}") = "webrtc_test", "webrtc_test\webrtc_test.vcxproj", "{B4A8CE0F-B30F-4029-92F3-6B7C44D806DC}"
EndProject
Project("{8BC9CEB8-8B4A-11D0-8D11-00A0C91BC942}") = "webrtc_codec_aac", "webrtc_codec_aac\webrtc_codec_aac.vcxproj", "{C0EBC33E-CD4E-4D15-9785-A7697431BA9B}"
EndProject
Project("{8BC9CEB8-8B4A-11D0-8D11-00A0C91BC942}") = "jsoncpp", "jsoncpp\jsoncpp.vcxproj", "{1545C8A6-9A47-4683-AA09-03FB26C40B71}"
EndProject
Project("{8BC9CEB8-8B4A-11D0-8D11-00A0C91BC942}") = "webrtc_module_audio_conference_mixer", "webrtc_module_audio_conference_mixer\webrtc_module_audio_conference_mixer.vcxproj", "{3C044371-858C-42C7-A217-9B583D4001F7}"
EndProject
Project("{8BC9CEB8-8B4A-11D0-8D11-00A0C91BC942}") = "webrtc_module_audio_mixer", "webrtc_module_audio_mixer\webrtc_module_audio_mixer.vcxproj", "{0DD7B887-DCFA-4B19-84B5-F253A9AE56EF}"
EndProject
Project("{2150E333-8FDC-42A3-9474-1A3956D46DE8}") = "webrtc_all", "webrtc_all", "{8DBA2A7A-A127-4DD4-B3F1-7010DFC17DC1}"
EndProject
Project("{2150E333-8FDC-42A3-9474-1A3956D46DE8}") = "third-party", "third-party", "{447124FB-0E6B-4463-B2A5-5853D223577A}"
EndProject
Project("{8BC9CEB8-8B4A-11D0-8D11-00A0C91BC942}") = "libfaac_dll", "..\third_party\faac-1.28\libfaac\libfaac_dll.vcxproj", "{856BB8CF-B944-4D7A-9D59-4945316229AA}"
EndProject
Project("{8BC9CEB8-8B4A-11D0-8D11-00A0C91BC942}") = "libsrtp", "..\third_party\libsrtp\libsrtp\libsrtp.vcxproj", "{AF87D762-E86D-46C2-9B93-1254590C65AA}"
EndProject
Global
	GlobalSection(SolutionConfigurationPlatforms) = preSolution
		Debug|x64 = Debug|x64
		Debug|x86 = Debug|x86
		Release|x64 = Release|x64
		Release|x86 = Release|x86
	EndGlobalSection
	GlobalSection(ProjectConfigurationPlatforms) = postSolution
		{19700D6F-3090-41B8-B0A9-EC0979910CCC}.Debug|x64.ActiveCfg = Debug|x64
		{19700D6F-3090-41B8-B0A9-EC0979910CCC}.Debug|x64.Build.0 = Debug|x64
		{19700D6F-3090-41B8-B0A9-EC0979910CCC}.Debug|x86.ActiveCfg = Debug|Win32
		{19700D6F-3090-41B8-B0A9-EC0979910CCC}.Debug|x86.Build.0 = Debug|Win32
		{19700D6F-3090-41B8-B0A9-EC0979910CCC}.Release|x64.ActiveCfg = Release|x64
		{19700D6F-3090-41B8-B0A9-EC0979910CCC}.Release|x64.Build.0 = Release|x64
		{19700D6F-3090-41B8-B0A9-EC0979910CCC}.Release|x86.ActiveCfg = Release|Win32
		{19700D6F-3090-41B8-B0A9-EC0979910CCC}.Release|x86.Build.0 = Release|Win32
		{A64A26E7-BF71-4F3B-B0C5-033CE5635182}.Debug|x64.ActiveCfg = Debug|x64
		{A64A26E7-BF71-4F3B-B0C5-033CE5635182}.Debug|x64.Build.0 = Debug|x64
		{A64A26E7-BF71-4F3B-B0C5-033CE5635182}.Debug|x86.ActiveCfg = Debug|Win32
		{A64A26E7-BF71-4F3B-B0C5-033CE5635182}.Debug|x86.Build.0 = Debug|Win32
		{A64A26E7-BF71-4F3B-B0C5-033CE5635182}.Release|x64.ActiveCfg = Release|x64
		{A64A26E7-BF71-4F3B-B0C5-033CE5635182}.Release|x64.Build.0 = Release|x64
		{A64A26E7-BF71-4F3B-B0C5-033CE5635182}.Release|x86.ActiveCfg = Release|Win32
		{A64A26E7-BF71-4F3B-B0C5-033CE5635182}.Release|x86.Build.0 = Release|Win32
		{62877A50-12B4-4220-B3DE-20DA917E5699}.Debug|x64.ActiveCfg = Debug|x64
		{62877A50-12B4-4220-B3DE-20DA917E5699}.Debug|x64.Build.0 = Debug|x64
		{62877A50-12B4-4220-B3DE-20DA917E5699}.Debug|x86.ActiveCfg = Debug|Win32
		{62877A50-12B4-4220-B3DE-20DA917E5699}.Debug|x86.Build.0 = Debug|Win32
		{62877A50-12B4-4220-B3DE-20DA917E5699}.Release|x64.ActiveCfg = Release|x64
		{62877A50-12B4-4220-B3DE-20DA917E5699}.Release|x64.Build.0 = Release|x64
		{62877A50-12B4-4220-B3DE-20DA917E5699}.Release|x86.ActiveCfg = Release|Win32
		{62877A50-12B4-4220-B3DE-20DA917E5699}.Release|x86.Build.0 = Release|Win32
		{06D22656-CAB8-4629-95BC-568A269B0F10}.Debug|x64.ActiveCfg = Debug|x64
		{06D22656-CAB8-4629-95BC-568A269B0F10}.Debug|x64.Build.0 = Debug|x64
		{06D22656-CAB8-4629-95BC-568A269B0F10}.Debug|x86.ActiveCfg = Debug|Win32
		{06D22656-CAB8-4629-95BC-568A269B0F10}.Debug|x86.Build.0 = Debug|Win32
		{06D22656-CAB8-4629-95BC-568A269B0F10}.Release|x64.ActiveCfg = Release|x64
		{06D22656-CAB8-4629-95BC-568A269B0F10}.Release|x64.Build.0 = Release|x64
		{06D22656-CAB8-4629-95BC-568A269B0F10}.Release|x86.ActiveCfg = Release|Win32
		{06D22656-CAB8-4629-95BC-568A269B0F10}.Release|x86.Build.0 = Release|Win32
		{B944F7E4-8BB2-4087-BD4D-A234A0C22560}.Debug|x64.ActiveCfg = Debug|x64
		{B944F7E4-8BB2-4087-BD4D-A234A0C22560}.Debug|x64.Build.0 = Debug|x64
		{B944F7E4-8BB2-4087-BD4D-A234A0C22560}.Debug|x86.ActiveCfg = Debug|Win32
		{B944F7E4-8BB2-4087-BD4D-A234A0C22560}.Debug|x86.Build.0 = Debug|Win32
		{B944F7E4-8BB2-4087-BD4D-A234A0C22560}.Release|x64.ActiveCfg = Release|x64
		{B944F7E4-8BB2-4087-BD4D-A234A0C22560}.Release|x64.Build.0 = Release|x64
		{B944F7E4-8BB2-4087-BD4D-A234A0C22560}.Release|x86.ActiveCfg = Release|Win32
		{B944F7E4-8BB2-4087-BD4D-A234A0C22560}.Release|x86.Build.0 = Release|Win32
		{4382C989-4AA4-42BC-89D4-E34D84799DB3}.Debug|x64.ActiveCfg = Debug|x64
		{4382C989-4AA4-42BC-89D4-E34D84799DB3}.Debug|x64.Build.0 = Debug|x64
		{4382C989-4AA4-42BC-89D4-E34D84799DB3}.Debug|x86.ActiveCfg = Debug|Win32
		{4382C989-4AA4-42BC-89D4-E34D84799DB3}.Debug|x86.Build.0 = Debug|Win32
		{4382C989-4AA4-42BC-89D4-E34D84799DB3}.Release|x64.ActiveCfg = Release|x64
		{4382C989-4AA4-42BC-89D4-E34D84799DB3}.Release|x64.Build.0 = Release|x64
		{4382C989-4AA4-42BC-89D4-E34D84799DB3}.Release|x86.ActiveCfg = Release|Win32
		{4382C989-4AA4-42BC-89D4-E34D84799DB3}.Release|x86.Build.0 = Release|Win32
		{4558FBA6-9717-4B96-8CE4-F77A34F804AF}.Debug|x64.ActiveCfg = Debug|x64
		{4558FBA6-9717-4B96-8CE4-F77A34F804AF}.Debug|x64.Build.0 = Debug|x64
		{4558FBA6-9717-4B96-8CE4-F77A34F804AF}.Debug|x86.ActiveCfg = Debug|Win32
		{4558FBA6-9717-4B96-8CE4-F77A34F804AF}.Debug|x86.Build.0 = Debug|Win32
		{4558FBA6-9717-4B96-8CE4-F77A34F804AF}.Release|x64.ActiveCfg = Release|x64
		{4558FBA6-9717-4B96-8CE4-F77A34F804AF}.Release|x64.Build.0 = Release|x64
		{4558FBA6-9717-4B96-8CE4-F77A34F804AF}.Release|x86.ActiveCfg = Release|Win32
		{4558FBA6-9717-4B96-8CE4-F77A34F804AF}.Release|x86.Build.0 = Release|Win32
		{DCA9E05A-D1D3-48A6-8D8E-3372EAC962C8}.Debug|x64.ActiveCfg = Debug|x64
		{DCA9E05A-D1D3-48A6-8D8E-3372EAC962C8}.Debug|x64.Build.0 = Debug|x64
		{DCA9E05A-D1D3-48A6-8D8E-3372EAC962C8}.Debug|x86.ActiveCfg = Debug|Win32
		{DCA9E05A-D1D3-48A6-8D8E-3372EAC962C8}.Debug|x86.Build.0 = Debug|Win32
		{DCA9E05A-D1D3-48A6-8D8E-3372EAC962C8}.Release|x64.ActiveCfg = Release|x64
		{DCA9E05A-D1D3-48A6-8D8E-3372EAC962C8}.Release|x64.Build.0 = Release|x64
		{DCA9E05A-D1D3-48A6-8D8E-3372EAC962C8}.Release|x86.ActiveCfg = Release|Win32
		{DCA9E05A-D1D3-48A6-8D8E-3372EAC962C8}.Release|x86.Build.0 = Release|Win32
		{F5944170-E5F1-4BB8-B68B-BD86D3773D82}.Debug|x64.ActiveCfg = Debug|x64
		{F5944170-E5F1-4BB8-B68B-BD86D3773D82}.Debug|x64.Build.0 = Debug|x64
		{F5944170-E5F1-4BB8-B68B-BD86D3773D82}.Debug|x86.ActiveCfg = Debug|Win32
		{F5944170-E5F1-4BB8-B68B-BD86D3773D82}.Debug|x86.Build.0 = Debug|Win32
		{F5944170-E5F1-4BB8-B68B-BD86D3773D82}.Release|x64.ActiveCfg = Release|x64
		{F5944170-E5F1-4BB8-B68B-BD86D3773D82}.Release|x64.Build.0 = Release|x64
		{F5944170-E5F1-4BB8-B68B-BD86D3773D82}.Release|x86.ActiveCfg = Release|Win32
		{F5944170-E5F1-4BB8-B68B-BD86D3773D82}.Release|x86.Build.0 = Release|Win32
		{8B3BD23E-65B1-4C40-B276-5F1E97152610}.Debug|x64.ActiveCfg = Debug|x64
		{8B3BD23E-65B1-4C40-B276-5F1E97152610}.Debug|x64.Build.0 = Debug|x64
		{8B3BD23E-65B1-4C40-B276-5F1E97152610}.Debug|x86.ActiveCfg = Debug|Win32
		{8B3BD23E-65B1-4C40-B276-5F1E97152610}.Debug|x86.Build.0 = Debug|Win32
		{8B3BD23E-65B1-4C40-B276-5F1E97152610}.Release|x64.ActiveCfg = Release|x64
		{8B3BD23E-65B1-4C40-B276-5F1E97152610}.Release|x64.Build.0 = Release|x64
		{8B3BD23E-65B1-4C40-B276-5F1E97152610}.Release|x86.ActiveCfg = Release|Win32
		{8B3BD23E-65B1-4C40-B276-5F1E97152610}.Release|x86.Build.0 = Release|Win32
		{7806C90D-2ECA-4F02-9047-8701D1F72700}.Debug|x64.ActiveCfg = Debug|x64
		{7806C90D-2ECA-4F02-9047-8701D1F72700}.Debug|x64.Build.0 = Debug|x64
		{7806C90D-2ECA-4F02-9047-8701D1F72700}.Debug|x86.ActiveCfg = Debug|Win32
		{7806C90D-2ECA-4F02-9047-8701D1F72700}.Debug|x86.Build.0 = Debug|Win32
		{7806C90D-2ECA-4F02-9047-8701D1F72700}.Release|x64.ActiveCfg = Release|x64
		{7806C90D-2ECA-4F02-9047-8701D1F72700}.Release|x64.Build.0 = Release|x64
		{7806C90D-2ECA-4F02-9047-8701D1F72700}.Release|x86.ActiveCfg = Release|Win32
		{7806C90D-2ECA-4F02-9047-8701D1F72700}.Release|x86.Build.0 = Release|Win32
		{53359DC6-253A-4CF5-9F26-C35937F9A78C}.Debug|x64.ActiveCfg = Debug|x64
		{53359DC6-253A-4CF5-9F26-C35937F9A78C}.Debug|x64.Build.0 = Debug|x64
		{53359DC6-253A-4CF5-9F26-C35937F9A78C}.Debug|x86.ActiveCfg = Debug|Win32
		{53359DC6-253A-4CF5-9F26-C35937F9A78C}.Debug|x86.Build.0 = Debug|Win32
		{53359DC6-253A-4CF5-9F26-C35937F9A78C}.Release|x64.ActiveCfg = Release|x64
		{53359DC6-253A-4CF5-9F26-C35937F9A78C}.Release|x64.Build.0 = Release|x64
		{53359DC6-253A-4CF5-9F26-C35937F9A78C}.Release|x86.ActiveCfg = Release|Win32
		{53359DC6-253A-4CF5-9F26-C35937F9A78C}.Release|x86.Build.0 = Release|Win32
		{C6A96EB8-56B6-46D0-A884-9D16398538CB}.Debug|x64.ActiveCfg = Debug|x64
		{C6A96EB8-56B6-46D0-A884-9D16398538CB}.Debug|x64.Build.0 = Debug|x64
		{C6A96EB8-56B6-46D0-A884-9D16398538CB}.Debug|x86.ActiveCfg = Debug|Win32
		{C6A96EB8-56B6-46D0-A884-9D16398538CB}.Debug|x86.Build.0 = Debug|Win32
		{C6A96EB8-56B6-46D0-A884-9D16398538CB}.Release|x64.ActiveCfg = Release|x64
		{C6A96EB8-56B6-46D0-A884-9D16398538CB}.Release|x64.Build.0 = Release|x64
		{C6A96EB8-56B6-46D0-A884-9D16398538CB}.Release|x86.ActiveCfg = Release|Win32
		{C6A96EB8-56B6-46D0-A884-9D16398538CB}.Release|x86.Build.0 = Release|Win32
		{D7F98350-356B-4FDC-92EF-95F793CF2AD0}.Debug|x64.ActiveCfg = Debug|x64
		{D7F98350-356B-4FDC-92EF-95F793CF2AD0}.Debug|x64.Build.0 = Debug|x64
		{D7F98350-356B-4FDC-92EF-95F793CF2AD0}.Debug|x86.ActiveCfg = Debug|Win32
		{D7F98350-356B-4FDC-92EF-95F793CF2AD0}.Debug|x86.Build.0 = Debug|Win32
		{D7F98350-356B-4FDC-92EF-95F793CF2AD0}.Release|x64.ActiveCfg = Release|x64
		{D7F98350-356B-4FDC-92EF-95F793CF2AD0}.Release|x64.Build.0 = Release|x64
		{D7F98350-356B-4FDC-92EF-95F793CF2AD0}.Release|x86.ActiveCfg = Release|Win32
		{D7F98350-356B-4FDC-92EF-95F793CF2AD0}.Release|x86.Build.0 = Release|Win32
		{FF32D4F0-9E67-49AE-9544-E514510A4E59}.Debug|x64.ActiveCfg = Debug|x64
		{FF32D4F0-9E67-49AE-9544-E514510A4E59}.Debug|x64.Build.0 = Debug|x64
		{FF32D4F0-9E67-49AE-9544-E514510A4E59}.Debug|x86.ActiveCfg = Debug|Win32
		{FF32D4F0-9E67-49AE-9544-E514510A4E59}.Debug|x86.Build.0 = Debug|Win32
		{FF32D4F0-9E67-49AE-9544-E514510A4E59}.Release|x64.ActiveCfg = Release|x64
		{FF32D4F0-9E67-49AE-9544-E514510A4E59}.Release|x64.Build.0 = Release|x64
		{FF32D4F0-9E67-49AE-9544-E514510A4E59}.Release|x86.ActiveCfg = Release|Win32
		{FF32D4F0-9E67-49AE-9544-E514510A4E59}.Release|x86.Build.0 = Release|Win32
		{31504735-2D20-4258-8FD0-9D034EE6C172}.Debug|x64.ActiveCfg = Debug|x64
		{31504735-2D20-4258-8FD0-9D034EE6C172}.Debug|x64.Build.0 = Debug|x64
		{31504735-2D20-4258-8FD0-9D034EE6C172}.Debug|x86.ActiveCfg = Debug|Win32
		{31504735-2D20-4258-8FD0-9D034EE6C172}.Debug|x86.Build.0 = Debug|Win32
		{31504735-2D20-4258-8FD0-9D034EE6C172}.Release|x64.ActiveCfg = Release|x64
		{31504735-2D20-4258-8FD0-9D034EE6C172}.Release|x64.Build.0 = Release|x64
		{31504735-2D20-4258-8FD0-9D034EE6C172}.Release|x86.ActiveCfg = Release|Win32
		{31504735-2D20-4258-8FD0-9D034EE6C172}.Release|x86.Build.0 = Release|Win32
		{295733F7-CD21-49F7-A5F5-097D62CEC2E3}.Debug|x64.ActiveCfg = Debug|x64
		{295733F7-CD21-49F7-A5F5-097D62CEC2E3}.Debug|x64.Build.0 = Debug|x64
		{295733F7-CD21-49F7-A5F5-097D62CEC2E3}.Debug|x86.ActiveCfg = Debug|Win32
		{295733F7-CD21-49F7-A5F5-097D62CEC2E3}.Debug|x86.Build.0 = Debug|Win32
		{295733F7-CD21-49F7-A5F5-097D62CEC2E3}.Release|x64.ActiveCfg = Release|x64
		{295733F7-CD21-49F7-A5F5-097D62CEC2E3}.Release|x64.Build.0 = Release|x64
		{295733F7-CD21-49F7-A5F5-097D62CEC2E3}.Release|x86.ActiveCfg = Release|Win32
		{295733F7-CD21-49F7-A5F5-097D62CEC2E3}.Release|x86.Build.0 = Release|Win32
		{6419E10B-1FA0-4B93-AFC8-6499B2A6CE11}.Debug|x64.ActiveCfg = Debug|x64
		{6419E10B-1FA0-4B93-AFC8-6499B2A6CE11}.Debug|x64.Build.0 = Debug|x64
		{6419E10B-1FA0-4B93-AFC8-6499B2A6CE11}.Debug|x86.ActiveCfg = Debug|Win32
		{6419E10B-1FA0-4B93-AFC8-6499B2A6CE11}.Debug|x86.Build.0 = Debug|Win32
		{6419E10B-1FA0-4B93-AFC8-6499B2A6CE11}.Release|x64.ActiveCfg = Release|x64
		{6419E10B-1FA0-4B93-AFC8-6499B2A6CE11}.Release|x64.Build.0 = Release|x64
		{6419E10B-1FA0-4B93-AFC8-6499B2A6CE11}.Release|x86.ActiveCfg = Release|Win32
		{6419E10B-1FA0-4B93-AFC8-6499B2A6CE11}.Release|x86.Build.0 = Release|Win32
		{2F7ED366-65C8-450B-9755-71F84EC35008}.Debug|x64.ActiveCfg = Debug|x64
		{2F7ED366-65C8-450B-9755-71F84EC35008}.Debug|x64.Build.0 = Debug|x64
		{2F7ED366-65C8-450B-9755-71F84EC35008}.Debug|x86.ActiveCfg = Debug|Win32
		{2F7ED366-65C8-450B-9755-71F84EC35008}.Debug|x86.Build.0 = Debug|Win32
		{2F7ED366-65C8-450B-9755-71F84EC35008}.Release|x64.ActiveCfg = Release|x64
		{2F7ED366-65C8-450B-9755-71F84EC35008}.Release|x64.Build.0 = Release|x64
		{2F7ED366-65C8-450B-9755-71F84EC35008}.Release|x86.ActiveCfg = Release|Win32
		{2F7ED366-65C8-450B-9755-71F84EC35008}.Release|x86.Build.0 = Release|Win32
		{C841E40F-28AE-4B4B-A341-3764F60E29DC}.Debug|x64.ActiveCfg = Debug|x64
		{C841E40F-28AE-4B4B-A341-3764F60E29DC}.Debug|x64.Build.0 = Debug|x64
		{C841E40F-28AE-4B4B-A341-3764F60E29DC}.Debug|x86.ActiveCfg = Debug|Win32
		{C841E40F-28AE-4B4B-A341-3764F60E29DC}.Debug|x86.Build.0 = Debug|Win32
		{C841E40F-28AE-4B4B-A341-3764F60E29DC}.Release|x64.ActiveCfg = Release|x64
		{C841E40F-28AE-4B4B-A341-3764F60E29DC}.Release|x64.Build.0 = Release|x64
		{C841E40F-28AE-4B4B-A341-3764F60E29DC}.Release|x86.ActiveCfg = Release|Win32
		{C841E40F-28AE-4B4B-A341-3764F60E29DC}.Release|x86.Build.0 = Release|Win32
		{F2E121D2-94F3-42EE-A6BD-CE6613FDFFAC}.Debug|x64.ActiveCfg = Debug|x64
		{F2E121D2-94F3-42EE-A6BD-CE6613FDFFAC}.Debug|x64.Build.0 = Debug|x64
		{F2E121D2-94F3-42EE-A6BD-CE6613FDFFAC}.Debug|x86.ActiveCfg = Debug|Win32
		{F2E121D2-94F3-42EE-A6BD-CE6613FDFFAC}.Debug|x86.Build.0 = Debug|Win32
		{F2E121D2-94F3-42EE-A6BD-CE6613FDFFAC}.Release|x64.ActiveCfg = Release|x64
		{F2E121D2-94F3-42EE-A6BD-CE6613FDFFAC}.Release|x64.Build.0 = Release|x64
		{F2E121D2-94F3-42EE-A6BD-CE6613FDFFAC}.Release|x86.ActiveCfg = Release|Win32
		{F2E121D2-94F3-42EE-A6BD-CE6613FDFFAC}.Release|x86.Build.0 = Release|Win32
		{B7D55E90-6AF9-4884-8D05-D6C668919045}.Debug|x64.ActiveCfg = Debug|x64
		{B7D55E90-6AF9-4884-8D05-D6C668919045}.Debug|x64.Build.0 = Debug|x64
		{B7D55E90-6AF9-4884-8D05-D6C668919045}.Debug|x86.ActiveCfg = Debug|Win32
		{B7D55E90-6AF9-4884-8D05-D6C668919045}.Debug|x86.Build.0 = Debug|Win32
		{B7D55E90-6AF9-4884-8D05-D6C668919045}.Release|x64.ActiveCfg = Release|x64
		{B7D55E90-6AF9-4884-8D05-D6C668919045}.Release|x64.Build.0 = Release|x64
		{B7D55E90-6AF9-4884-8D05-D6C668919045}.Release|x86.ActiveCfg = Release|Win32
		{B7D55E90-6AF9-4884-8D05-D6C668919045}.Release|x86.Build.0 = Release|Win32
		{B21D3359-29B5-4343-A642-93DF86E1E4FF}.Debug|x64.ActiveCfg = Debug|x64
		{B21D3359-29B5-4343-A642-93DF86E1E4FF}.Debug|x64.Build.0 = Debug|x64
		{B21D3359-29B5-4343-A642-93DF86E1E4FF}.Debug|x86.ActiveCfg = Debug|Win32
		{B21D3359-29B5-4343-A642-93DF86E1E4FF}.Debug|x86.Build.0 = Debug|Win32
		{B21D3359-29B5-4343-A642-93DF86E1E4FF}.Release|x64.ActiveCfg = Release|x64
		{B21D3359-29B5-4343-A642-93DF86E1E4FF}.Release|x64.Build.0 = Release|x64
		{B21D3359-29B5-4343-A642-93DF86E1E4FF}.Release|x86.ActiveCfg = Release|Win32
		{B21D3359-29B5-4343-A642-93DF86E1E4FF}.Release|x86.Build.0 = Release|Win32
		{38B4169A-6AEC-4278-BA27-7FF331AA6081}.Debug|x64.ActiveCfg = Debug|x64
		{38B4169A-6AEC-4278-BA27-7FF331AA6081}.Debug|x64.Build.0 = Debug|x64
		{38B4169A-6AEC-4278-BA27-7FF331AA6081}.Debug|x86.ActiveCfg = Debug|Win32
		{38B4169A-6AEC-4278-BA27-7FF331AA6081}.Debug|x86.Build.0 = Debug|Win32
		{38B4169A-6AEC-4278-BA27-7FF331AA6081}.Release|x64.ActiveCfg = Release|x64
		{38B4169A-6AEC-4278-BA27-7FF331AA6081}.Release|x64.Build.0 = Release|x64
		{38B4169A-6AEC-4278-BA27-7FF331AA6081}.Release|x86.ActiveCfg = Release|Win32
		{38B4169A-6AEC-4278-BA27-7FF331AA6081}.Release|x86.Build.0 = Release|Win32
		{3EB8CF75-DCBC-4A94-B170-1DDD609B2BF9}.Debug|x64.ActiveCfg = Debug|x64
		{3EB8CF75-DCBC-4A94-B170-1DDD609B2BF9}.Debug|x64.Build.0 = Debug|x64
		{3EB8CF75-DCBC-4A94-B170-1DDD609B2BF9}.Debug|x86.ActiveCfg = Debug|Win32
		{3EB8CF75-DCBC-4A94-B170-1DDD609B2BF9}.Debug|x86.Build.0 = Debug|Win32
		{3EB8CF75-DCBC-4A94-B170-1DDD609B2BF9}.Release|x64.ActiveCfg = Release|x64
		{3EB8CF75-DCBC-4A94-B170-1DDD609B2BF9}.Release|x64.Build.0 = Release|x64
		{3EB8CF75-DCBC-4A94-B170-1DDD609B2BF9}.Release|x86.ActiveCfg = Release|Win32
		{3EB8CF75-DCBC-4A94-B170-1DDD609B2BF9}.Release|x86.Build.0 = Release|Win32
		{CEBE513E-A733-4338-A06B-B8D674FF8E35}.Debug|x64.ActiveCfg = Debug|x64
		{CEBE513E-A733-4338-A06B-B8D674FF8E35}.Debug|x64.Build.0 = Debug|x64
		{CEBE513E-A733-4338-A06B-B8D674FF8E35}.Debug|x86.ActiveCfg = Debug|Win32
		{CEBE513E-A733-4338-A06B-B8D674FF8E35}.Debug|x86.Build.0 = Debug|Win32
		{CEBE513E-A733-4338-A06B-B8D674FF8E35}.Release|x64.ActiveCfg = Release|x64
		{CEBE513E-A733-4338-A06B-B8D674FF8E35}.Release|x64.Build.0 = Release|x64
		{CEBE513E-A733-4338-A06B-B8D674FF8E35}.Release|x86.ActiveCfg = Release|Win32
		{CEBE513E-A733-4338-A06B-B8D674FF8E35}.Release|x86.Build.0 = Release|Win32
		{7ED72A38-6E9A-4B6D-A137-03E9D836D0A0}.Debug|x64.ActiveCfg = Debug|x64
		{7ED72A38-6E9A-4B6D-A137-03E9D836D0A0}.Debug|x64.Build.0 = Debug|x64
		{7ED72A38-6E9A-4B6D-A137-03E9D836D0A0}.Debug|x86.ActiveCfg = Debug|Win32
		{7ED72A38-6E9A-4B6D-A137-03E9D836D0A0}.Debug|x86.Build.0 = Debug|Win32
		{7ED72A38-6E9A-4B6D-A137-03E9D836D0A0}.Release|x64.ActiveCfg = Release|x64
		{7ED72A38-6E9A-4B6D-A137-03E9D836D0A0}.Release|x64.Build.0 = Release|x64
		{7ED72A38-6E9A-4B6D-A137-03E9D836D0A0}.Release|x86.ActiveCfg = Release|Win32
		{7ED72A38-6E9A-4B6D-A137-03E9D836D0A0}.Release|x86.Build.0 = Release|Win32
		{884F1717-B156-46DA-BDD2-D218F3329E11}.Debug|x64.ActiveCfg = Debug|x64
		{884F1717-B156-46DA-BDD2-D218F3329E11}.Debug|x64.Build.0 = Debug|x64
		{884F1717-B156-46DA-BDD2-D218F3329E11}.Debug|x86.ActiveCfg = Debug|Win32
		{884F1717-B156-46DA-BDD2-D218F3329E11}.Debug|x86.Build.0 = Debug|Win32
		{884F1717-B156-46DA-BDD2-D218F3329E11}.Release|x64.ActiveCfg = Release|x64
		{884F1717-B156-46DA-BDD2-D218F3329E11}.Release|x64.Build.0 = Release|x64
		{884F1717-B156-46DA-BDD2-D218F3329E11}.Release|x86.ActiveCfg = Release|Win32
		{884F1717-B156-46DA-BDD2-D218F3329E11}.Release|x86.Build.0 = Release|Win32
		{DD142FC0-C122-4193-B4C8-356DAD50ABEC}.Debug|x64.ActiveCfg = Debug|x64
		{DD142FC0-C122-4193-B4C8-356DAD50ABEC}.Debug|x64.Build.0 = Debug|x64
		{DD142FC0-C122-4193-B4C8-356DAD50ABEC}.Debug|x86.ActiveCfg = Debug|Win32
		{DD142FC0-C122-4193-B4C8-356DAD50ABEC}.Debug|x86.Build.0 = Debug|Win32
		{DD142FC0-C122-4193-B4C8-356DAD50ABEC}.Release|x64.ActiveCfg = Release|x64
		{DD142FC0-C122-4193-B4C8-356DAD50ABEC}.Release|x64.Build.0 = Release|x64
		{DD142FC0-C122-4193-B4C8-356DAD50ABEC}.Release|x86.ActiveCfg = Release|Win32
		{DD142FC0-C122-4193-B4C8-356DAD50ABEC}.Release|x86.Build.0 = Release|Win32
		{75472A94-C943-4ADD-BBF4-7BF18A530B59}.Debug|x64.ActiveCfg = Debug|x64
		{75472A94-C943-4ADD-BBF4-7BF18A530B59}.Debug|x64.Build.0 = Debug|x64
		{75472A94-C943-4ADD-BBF4-7BF18A530B59}.Debug|x86.ActiveCfg = Debug|Win32
		{75472A94-C943-4ADD-BBF4-7BF18A530B59}.Debug|x86.Build.0 = Debug|Win32
		{75472A94-C943-4ADD-BBF4-7BF18A530B59}.Release|x64.ActiveCfg = Release|x64
		{75472A94-C943-4ADD-BBF4-7BF18A530B59}.Release|x64.Build.0 = Release|x64
		{75472A94-C943-4ADD-BBF4-7BF18A530B59}.Release|x86.ActiveCfg = Release|Win32
		{75472A94-C943-4ADD-BBF4-7BF18A530B59}.Release|x86.Build.0 = Release|Win32
		{AA614A11-B44E-4E60-A416-A94C6669DEC2}.Debug|x64.ActiveCfg = Debug|x64
		{AA614A11-B44E-4E60-A416-A94C6669DEC2}.Debug|x64.Build.0 = Debug|x64
		{AA614A11-B44E-4E60-A416-A94C6669DEC2}.Debug|x86.ActiveCfg = Debug|Win32
		{AA614A11-B44E-4E60-A416-A94C6669DEC2}.Debug|x86.Build.0 = Debug|Win32
		{AA614A11-B44E-4E60-A416-A94C6669DEC2}.Release|x64.ActiveCfg = Release|x64
		{AA614A11-B44E-4E60-A416-A94C6669DEC2}.Release|x64.Build.0 = Release|x64
		{AA614A11-B44E-4E60-A416-A94C6669DEC2}.Release|x86.ActiveCfg = Release|Win32
		{AA614A11-B44E-4E60-A416-A94C6669DEC2}.Release|x86.Build.0 = Release|Win32
		{E28A7F42-F065-4ADA-96A0-A4F701940057}.Debug|x64.ActiveCfg = Debug|x64
		{E28A7F42-F065-4ADA-96A0-A4F701940057}.Debug|x64.Build.0 = Debug|x64
		{E28A7F42-F065-4ADA-96A0-A4F701940057}.Debug|x86.ActiveCfg = Debug|Win32
		{E28A7F42-F065-4ADA-96A0-A4F701940057}.Debug|x86.Build.0 = Debug|Win32
		{E28A7F42-F065-4ADA-96A0-A4F701940057}.Release|x64.ActiveCfg = Release|x64
		{E28A7F42-F065-4ADA-96A0-A4F701940057}.Release|x64.Build.0 = Release|x64
		{E28A7F42-F065-4ADA-96A0-A4F701940057}.Release|x86.ActiveCfg = Release|Win32
		{E28A7F42-F065-4ADA-96A0-A4F701940057}.Release|x86.Build.0 = Release|Win32
		{A0B9FB45-49E8-4B73-A7AF-D8EF59DAD249}.Debug|x64.ActiveCfg = Debug|x64
		{A0B9FB45-49E8-4B73-A7AF-D8EF59DAD249}.Debug|x64.Build.0 = Debug|x64
		{A0B9FB45-49E8-4B73-A7AF-D8EF59DAD249}.Debug|x86.ActiveCfg = Debug|Win32
		{A0B9FB45-49E8-4B73-A7AF-D8EF59DAD249}.Debug|x86.Build.0 = Debug|Win32
		{A0B9FB45-49E8-4B73-A7AF-D8EF59DAD249}.Release|x64.ActiveCfg = Release|x64
		{A0B9FB45-49E8-4B73-A7AF-D8EF59DAD249}.Release|x64.Build.0 = Release|x64
		{A0B9FB45-49E8-4B73-A7AF-D8EF59DAD249}.Release|x86.ActiveCfg = Release|Win32
		{A0B9FB45-49E8-4B73-A7AF-D8EF59DAD249}.Release|x86.Build.0 = Release|Win32
		{6C12DFF3-80B0-43F3-814A-ED4DA5443EBE}.Debug|x64.ActiveCfg = Debug|x64
		{6C12DFF3-80B0-43F3-814A-ED4DA5443EBE}.Debug|x64.Build.0 = Debug|x64
		{6C12DFF3-80B0-43F3-814A-ED4DA5443EBE}.Debug|x86.ActiveCfg = Debug|Win32
		{6C12DFF3-80B0-43F3-814A-ED4DA5443EBE}.Debug|x86.Build.0 = Debug|Win32
		{6C12DFF3-80B0-43F3-814A-ED4DA5443EBE}.Release|x64.ActiveCfg = Release|x64
		{6C12DFF3-80B0-43F3-814A-ED4DA5443EBE}.Release|x64.Build.0 = Release|x64
		{6C12DFF3-80B0-43F3-814A-ED4DA5443EBE}.Release|x86.ActiveCfg = Release|Win32
		{6C12DFF3-80B0-43F3-814A-ED4DA5443EBE}.Release|x86.Build.0 = Release|Win32
		{33340202-960B-4CCE-8BF8-169A9115302E}.Debug|x64.ActiveCfg = Debug|x64
		{33340202-960B-4CCE-8BF8-169A9115302E}.Debug|x64.Build.0 = Debug|x64
		{33340202-960B-4CCE-8BF8-169A9115302E}.Debug|x86.ActiveCfg = Debug|Win32
		{33340202-960B-4CCE-8BF8-169A9115302E}.Debug|x86.Build.0 = Debug|Win32
		{33340202-960B-4CCE-8BF8-169A9115302E}.Release|x64.ActiveCfg = Release|x64
		{33340202-960B-4CCE-8BF8-169A9115302E}.Release|x64.Build.0 = Release|x64
		{33340202-960B-4CCE-8BF8-169A9115302E}.Release|x86.ActiveCfg = Release|Win32
		{33340202-960B-4CCE-8BF8-169A9115302E}.Release|x86.Build.0 = Release|Win32
		{15404258-6543-46EC-85EE-7E4BBDE86328}.Debug|x64.ActiveCfg = Debug|x64
		{15404258-6543-46EC-85EE-7E4BBDE86328}.Debug|x64.Build.0 = Debug|x64
		{15404258-6543-46EC-85EE-7E4BBDE86328}.Debug|x86.ActiveCfg = Debug|Win32
		{15404258-6543-46EC-85EE-7E4BBDE86328}.Debug|x86.Build.0 = Debug|Win32
		{15404258-6543-46EC-85EE-7E4BBDE86328}.Release|x64.ActiveCfg = Release|x64
		{15404258-6543-46EC-85EE-7E4BBDE86328}.Release|x64.Build.0 = Release|x64
		{15404258-6543-46EC-85EE-7E4BBDE86328}.Release|x86.ActiveCfg = Release|Win32
		{15404258-6543-46EC-85EE-7E4BBDE86328}.Release|x86.Build.0 = Release|Win32
		{B4A8CE0F-B30F-4029-92F3-6B7C44D806DC}.Debug|x64.ActiveCfg = Debug|x64
		{B4A8CE0F-B30F-4029-92F3-6B7C44D806DC}.Debug|x64.Build.0 = Debug|x64
		{B4A8CE0F-B30F-4029-92F3-6B7C44D806DC}.Debug|x86.ActiveCfg = Debug|Win32
		{B4A8CE0F-B30F-4029-92F3-6B7C44D806DC}.Debug|x86.Build.0 = Debug|Win32
		{B4A8CE0F-B30F-4029-92F3-6B7C44D806DC}.Release|x64.ActiveCfg = Release|x64
		{B4A8CE0F-B30F-4029-92F3-6B7C44D806DC}.Release|x64.Build.0 = Release|x64
		{B4A8CE0F-B30F-4029-92F3-6B7C44D806DC}.Release|x86.ActiveCfg = Release|Win32
		{B4A8CE0F-B30F-4029-92F3-6B7C44D806DC}.Release|x86.Build.0 = Release|Win32
		{C0EBC33E-CD4E-4D15-9785-A7697431BA9B}.Debug|x64.ActiveCfg = Debug|x64
		{C0EBC33E-CD4E-4D15-9785-A7697431BA9B}.Debug|x64.Build.0 = Debug|x64
		{C0EBC33E-CD4E-4D15-9785-A7697431BA9B}.Debug|x86.ActiveCfg = Debug|Win32
		{C0EBC33E-CD4E-4D15-9785-A7697431BA9B}.Debug|x86.Build.0 = Debug|Win32
		{C0EBC33E-CD4E-4D15-9785-A7697431BA9B}.Release|x64.ActiveCfg = Release|x64
		{C0EBC33E-CD4E-4D15-9785-A7697431BA9B}.Release|x64.Build.0 = Release|x64
		{C0EBC33E-CD4E-4D15-9785-A7697431BA9B}.Release|x86.ActiveCfg = Release|Win32
		{C0EBC33E-CD4E-4D15-9785-A7697431BA9B}.Release|x86.Build.0 = Release|Win32
		{1545C8A6-9A47-4683-AA09-03FB26C40B71}.Debug|x64.ActiveCfg = Debug|x64
		{1545C8A6-9A47-4683-AA09-03FB26C40B71}.Debug|x64.Build.0 = Debug|x64
		{1545C8A6-9A47-4683-AA09-03FB26C40B71}.Debug|x86.ActiveCfg = Debug|Win32
		{1545C8A6-9A47-4683-AA09-03FB26C40B71}.Debug|x86.Build.0 = Debug|Win32
		{1545C8A6-9A47-4683-AA09-03FB26C40B71}.Release|x64.ActiveCfg = Release|x64
		{1545C8A6-9A47-4683-AA09-03FB26C40B71}.Release|x64.Build.0 = Release|x64
		{1545C8A6-9A47-4683-AA09-03FB26C40B71}.Release|x86.ActiveCfg = Release|Win32
		{1545C8A6-9A47-4683-AA09-03FB26C40B71}.Release|x86.Build.0 = Release|Win32
		{3C044371-858C-42C7-A217-9B583D4001F7}.Debug|x64.ActiveCfg = Debug|x64
		{3C044371-858C-42C7-A217-9B583D4001F7}.Debug|x64.Build.0 = Debug|x64
		{3C044371-858C-42C7-A217-9B583D4001F7}.Debug|x86.ActiveCfg = Debug|Win32
		{3C044371-858C-42C7-A217-9B583D4001F7}.Debug|x86.Build.0 = Debug|Win32
		{3C044371-858C-42C7-A217-9B583D4001F7}.Release|x64.ActiveCfg = Release|x64
		{3C044371-858C-42C7-A217-9B583D4001F7}.Release|x64.Build.0 = Release|x64
		{3C044371-858C-42C7-A217-9B583D4001F7}.Release|x86.ActiveCfg = Release|Win32
		{3C044371-858C-42C7-A217-9B583D4001F7}.Release|x86.Build.0 = Release|Win32
		{0DD7B887-DCFA-4B19-84B5-F253A9AE56EF}.Debug|x64.ActiveCfg = Debug|x64
		{0DD7B887-DCFA-4B19-84B5-F253A9AE56EF}.Debug|x64.Build.0 = Debug|x64
		{0DD7B887-DCFA-4B19-84B5-F253A9AE56EF}.Debug|x86.ActiveCfg = Debug|Win32
		{0DD7B887-DCFA-4B19-84B5-F253A9AE56EF}.Debug|x86.Build.0 = Debug|Win32
		{0DD7B887-DCFA-4B19-84B5-F253A9AE56EF}.Release|x64.ActiveCfg = Release|x64
		{0DD7B887-DCFA-4B19-84B5-F253A9AE56EF}.Release|x64.Build.0 = Release|x64
		{0DD7B887-DCFA-4B19-84B5-F253A9AE56EF}.Release|x86.ActiveCfg = Release|Win32
		{0DD7B887-DCFA-4B19-84B5-F253A9AE56EF}.Release|x86.Build.0 = Release|Win32
		{856BB8CF-B944-4D7A-9D59-4945316229AA}.Debug|x64.ActiveCfg = Debug|x64
		{856BB8CF-B944-4D7A-9D59-4945316229AA}.Debug|x64.Build.0 = Debug|x64
		{856BB8CF-B944-4D7A-9D59-4945316229AA}.Debug|x86.ActiveCfg = Debug|Win32
		{856BB8CF-B944-4D7A-9D59-4945316229AA}.Debug|x86.Build.0 = Debug|Win32
		{856BB8CF-B944-4D7A-9D59-4945316229AA}.Release|x64.ActiveCfg = Release|x64
		{856BB8CF-B944-4D7A-9D59-4945316229AA}.Release|x64.Build.0 = Release|x64
		{856BB8CF-B944-4D7A-9D59-4945316229AA}.Release|x86.ActiveCfg = Release|Win32
		{856BB8CF-B944-4D7A-9D59-4945316229AA}.Release|x86.Build.0 = Release|Win32
		{AF87D762-E86D-46C2-9B93-1254590C65AA}.Debug|x64.ActiveCfg = Debug|x64
		{AF87D762-E86D-46C2-9B93-1254590C65AA}.Debug|x64.Build.0 = Debug|x64
		{AF87D762-E86D-46C2-9B93-1254590C65AA}.Debug|x86.ActiveCfg = Debug|Win32
		{AF87D762-E86D-46C2-9B93-1254590C65AA}.Debug|x86.Build.0 = Debug|Win32
		{AF87D762-E86D-46C2-9B93-1254590C65AA}.Release|x64.ActiveCfg = Release|x64
		{AF87D762-E86D-46C2-9B93-1254590C65AA}.Release|x64.Build.0 = Release|x64
		{AF87D762-E86D-46C2-9B93-1254590C65AA}.Release|x86.ActiveCfg = Release|Win32
		{AF87D762-E86D-46C2-9B93-1254590C65AA}.Release|x86.Build.0 = Release|Win32
	EndGlobalSection
	GlobalSection(SolutionProperties) = preSolution
		HideSolutionNode = FALSE
	EndGlobalSection
	GlobalSection(NestedProjects) = preSolution
		{19700D6F-3090-41B8-B0A9-EC0979910CCC} = {66E88ED9-B157-43C1-9E7C-46B5585C9D8B}
		{A64A26E7-BF71-4F3B-B0C5-033CE5635182} = {66E88ED9-B157-43C1-9E7C-46B5585C9D8B}
		{62877A50-12B4-4220-B3DE-20DA917E5699} = {8DBA2A7A-A127-4DD4-B3F1-7010DFC17DC1}
		{06D22656-CAB8-4629-95BC-568A269B0F10} = {8DBA2A7A-A127-4DD4-B3F1-7010DFC17DC1}
		{B944F7E4-8BB2-4087-BD4D-A234A0C22560} = {8DBA2A7A-A127-4DD4-B3F1-7010DFC17DC1}
		{4382C989-4AA4-42BC-89D4-E34D84799DB3} = {8DBA2A7A-A127-4DD4-B3F1-7010DFC17DC1}
		{4558FBA6-9717-4B96-8CE4-F77A34F804AF} = {8DBA2A7A-A127-4DD4-B3F1-7010DFC17DC1}
		{DCA9E05A-D1D3-48A6-8D8E-3372EAC962C8} = {8DBA2A7A-A127-4DD4-B3F1-7010DFC17DC1}
		{F5944170-E5F1-4BB8-B68B-BD86D3773D82} = {8DBA2A7A-A127-4DD4-B3F1-7010DFC17DC1}
		{8B3BD23E-65B1-4C40-B276-5F1E97152610} = {8DBA2A7A-A127-4DD4-B3F1-7010DFC17DC1}
		{7806C90D-2ECA-4F02-9047-8701D1F72700} = {8DBA2A7A-A127-4DD4-B3F1-7010DFC17DC1}
		{53359DC6-253A-4CF5-9F26-C35937F9A78C} = {8DBA2A7A-A127-4DD4-B3F1-7010DFC17DC1}
		{C6A96EB8-56B6-46D0-A884-9D16398538CB} = {8DBA2A7A-A127-4DD4-B3F1-7010DFC17DC1}
		{D7F98350-356B-4FDC-92EF-95F793CF2AD0} = {8DBA2A7A-A127-4DD4-B3F1-7010DFC17DC1}
		{FF32D4F0-9E67-49AE-9544-E514510A4E59} = {8DBA2A7A-A127-4DD4-B3F1-7010DFC17DC1}
		{31504735-2D20-4258-8FD0-9D034EE6C172} = {8DBA2A7A-A127-4DD4-B3F1-7010DFC17DC1}
		{295733F7-CD21-49F7-A5F5-097D62CEC2E3} = {8DBA2A7A-A127-4DD4-B3F1-7010DFC17DC1}
		{6419E10B-1FA0-4B93-AFC8-6499B2A6CE11} = {8DBA2A7A-A127-4DD4-B3F1-7010DFC17DC1}
		{2F7ED366-65C8-450B-9755-71F84EC35008} = {8DBA2A7A-A127-4DD4-B3F1-7010DFC17DC1}
		{C841E40F-28AE-4B4B-A341-3764F60E29DC} = {8DBA2A7A-A127-4DD4-B3F1-7010DFC17DC1}
		{F2E121D2-94F3-42EE-A6BD-CE6613FDFFAC} = {8DBA2A7A-A127-4DD4-B3F1-7010DFC17DC1}
		{B7D55E90-6AF9-4884-8D05-D6C668919045} = {8DBA2A7A-A127-4DD4-B3F1-7010DFC17DC1}
		{B21D3359-29B5-4343-A642-93DF86E1E4FF} = {8DBA2A7A-A127-4DD4-B3F1-7010DFC17DC1}
		{38B4169A-6AEC-4278-BA27-7FF331AA6081} = {8DBA2A7A-A127-4DD4-B3F1-7010DFC17DC1}
		{3EB8CF75-DCBC-4A94-B170-1DDD609B2BF9} = {8DBA2A7A-A127-4DD4-B3F1-7010DFC17DC1}
		{CEBE513E-A733-4338-A06B-B8D674FF8E35} = {8DBA2A7A-A127-4DD4-B3F1-7010DFC17DC1}
		{7ED72A38-6E9A-4B6D-A137-03E9D836D0A0} = {8DBA2A7A-A127-4DD4-B3F1-7010DFC17DC1}
		{884F1717-B156-46DA-BDD2-D218F3329E11} = {8DBA2A7A-A127-4DD4-B3F1-7010DFC17DC1}
		{DD142FC0-C122-4193-B4C8-356DAD50ABEC} = {8DBA2A7A-A127-4DD4-B3F1-7010DFC17DC1}
		{75472A94-C943-4ADD-BBF4-7BF18A530B59} = {8DBA2A7A-A127-4DD4-B3F1-7010DFC17DC1}
		{AA614A11-B44E-4E60-A416-A94C6669DEC2} = {8DBA2A7A-A127-4DD4-B3F1-7010DFC17DC1}
		{E28A7F42-F065-4ADA-96A0-A4F701940057} = {8DBA2A7A-A127-4DD4-B3F1-7010DFC17DC1}
		{A0B9FB45-49E8-4B73-A7AF-D8EF59DAD249} = {8DBA2A7A-A127-4DD4-B3F1-7010DFC17DC1}
		{6C12DFF3-80B0-43F3-814A-ED4DA5443EBE} = {66E88ED9-B157-43C1-9E7C-46B5585C9D8B}
		{33340202-960B-4CCE-8BF8-169A9115302E} = {66E88ED9-B157-43C1-9E7C-46B5585C9D8B}
		{15404258-6543-46EC-85EE-7E4BBDE86328} = {66E88ED9-B157-43C1-9E7C-46B5585C9D8B}
		{B4A8CE0F-B30F-4029-92F3-6B7C44D806DC} = {8DBA2A7A-A127-4DD4-B3F1-7010DFC17DC1}
		{C0EBC33E-CD4E-4D15-9785-A7697431BA9B} = {8DBA2A7A-A127-4DD4-B3F1-7010DFC17DC1}
		{1545C8A6-9A47-4683-AA09-03FB26C40B71} = {447124FB-0E6B-4463-B2A5-5853D223577A}
		{3C044371-858C-42C7-A217-9B583D4001F7} = {8DBA2A7A-A127-4DD4-B3F1-7010DFC17DC1}
		{0DD7B887-DCFA-4B19-84B5-F253A9AE56EF} = {8DBA2A7A-A127-4DD4-B3F1-7010DFC17DC1}
		{856BB8CF-B944-4D7A-9D59-4945316229AA} = {447124FB-0E6B-4463-B2A5-5853D223577A}
		{AF87D762-E86D-46C2-9B93-1254590C65AA} = {447124FB-0E6B-4463-B2A5-5853D223577A}
	EndGlobalSection
EndGlobal
