<?xml version="1.0" encoding="utf-8"?>
<Project ToolsVersion="4.0" xmlns="http://schemas.microsoft.com/developer/msbuild/2003">
  <ItemGroup>
    <ClCompile Include="..\..\webrtc\pc\audiomonitor.cc" />
    <ClCompile Include="..\..\webrtc\pc\audiotrack.cc" />
    <ClCompile Include="..\..\webrtc\pc\bundlefilter.cc" />
    <ClCompile Include="..\..\webrtc\pc\channel.cc" />
    <ClCompile Include="..\..\webrtc\pc\channelmanager.cc" />
    <ClCompile Include="..\..\webrtc\pc\currentspeakermonitor.cc" />
    <ClCompile Include="..\..\webrtc\pc\datachannel.cc" />
    <ClCompile Include="..\..\webrtc\pc\dtmfsender.cc" />
    <ClCompile Include="..\..\webrtc\pc\externalhmac.cc" />
    <ClCompile Include="..\..\webrtc\pc\jsepicecandidate.cc" />
    <ClCompile Include="..\..\webrtc\pc\jsepsessiondescription.cc" />
    <ClCompile Include="..\..\webrtc\pc\localaudiosource.cc" />
    <ClCompile Include="..\..\webrtc\pc\mediacontroller.cc" />
    <ClCompile Include="..\..\webrtc\pc\mediamonitor.cc" />
    <ClCompile Include="..\..\webrtc\pc\mediasession.cc" />
    <ClCompile Include="..\..\webrtc\pc\mediastream.cc" />
    <ClCompile Include="..\..\webrtc\pc\mediastreamobserver.cc" />
    <ClCompile Include="..\..\webrtc\pc\ortcfactory.cc" />
    <ClCompile Include="..\..\webrtc\pc\peerconnection.cc" />
    <ClCompile Include="..\..\webrtc\pc\peerconnectionfactory.cc" />
    <ClCompile Include="..\..\webrtc\pc\remoteaudiosource.cc" />
    <ClCompile Include="..\..\webrtc\pc\rtcpmuxfilter.cc" />
    <ClCompile Include="..\..\webrtc\pc\rtcstatscollector.cc" />
    <ClCompile Include="..\..\webrtc\pc\rtpreceiver.cc" />
    <ClCompile Include="..\..\webrtc\pc\rtpsender.cc" />
    <ClCompile Include="..\..\webrtc\pc\sctputils.cc" />
    <ClCompile Include="..\..\webrtc\pc\srtpfilter.cc" />
    <ClCompile Include="..\..\webrtc\pc\statscollector.cc" />
    <ClCompile Include="..\..\webrtc\pc\trackmediainfomap.cc" />
    <ClCompile Include="..\..\webrtc\pc\videocapturertracksource.cc" />
    <ClCompile Include="..\..\webrtc\pc\videotrack.cc" />
    <ClCompile Include="..\..\webrtc\pc\videotracksource.cc" />
    <ClCompile Include="..\..\webrtc\pc\webrtcsdp.cc" />
    <ClCompile Include="..\..\webrtc\pc\webrtcsession.cc" />
    <ClCompile Include="..\..\webrtc\pc\webrtcsessiondescriptionfactory.cc" />
  </ItemGroup>
  <ItemGroup>
    <ClInclude Include="..\..\webrtc\pc\audiomonitor.h" />
    <ClInclude Include="..\..\webrtc\pc\audiotrack.h" />
    <ClInclude Include="..\..\webrtc\pc\bundlefilter.h" />
    <ClInclude Include="..\..\webrtc\pc\channel.h" />
    <ClInclude Include="..\..\webrtc\pc\channelmanager.h" />
    <ClInclude Include="..\..\webrtc\pc\currentspeakermonitor.h" />
    <ClInclude Include="..\..\webrtc\pc\datachannel.h" />
    <ClInclude Include="..\..\webrtc\pc\dtmfsender.h" />
    <ClInclude Include="..\..\webrtc\pc\externalhmac.h" />
    <ClInclude Include="..\..\webrtc\pc\localaudiosource.h" />
    <ClInclude Include="..\..\webrtc\pc\mediacontroller.h" />
    <ClInclude Include="..\..\webrtc\pc\mediamonitor.h" />
    <ClInclude Include="..\..\webrtc\pc\mediasession.h" />
    <ClInclude Include="..\..\webrtc\pc\mediastream.h" />
    <ClInclude Include="..\..\webrtc\pc\mediastreamobserver.h" />
    <ClInclude Include="..\..\webrtc\pc\mediastreamtrack.h" />
    <ClInclude Include="..\..\webrtc\pc\ortcfactory.h" />
    <ClInclude Include="..\..\webrtc\pc\peerconnection.h" />
    <ClInclude Include="..\..\webrtc\pc\peerconnectionfactory.h" />
    <ClInclude Include="..\..\webrtc\pc\remoteaudiosource.h" />
    <ClInclude Include="..\..\webrtc\pc\rtcpmuxfilter.h" />
    <ClInclude Include="..\..\webrtc\pc\rtcstatscollector.h" />
    <ClInclude Include="..\..\webrtc\pc\rtpreceiver.h" />
    <ClInclude Include="..\..\webrtc\pc\rtpsender.h" />
    <ClInclude Include="..\..\webrtc\pc\sctputils.h" />
    <ClInclude Include="..\..\webrtc\pc\srtpfilter.h" />
    <ClInclude Include="..\..\webrtc\pc\statscollector.h" />
    <ClInclude Include="..\..\webrtc\pc\streamcollection.h" />
    <ClInclude Include="..\..\webrtc\pc\trackmediainfomap.h" />
    <ClInclude Include="..\..\webrtc\pc\videocapturertracksource.h" />
    <ClInclude Include="..\..\webrtc\pc\videotrack.h" />
    <ClInclude Include="..\..\webrtc\pc\videotracksource.h" />
    <ClInclude Include="..\..\webrtc\pc\voicechannel.h" />
    <ClInclude Include="..\..\webrtc\pc\webrtcsdp.h" />
    <ClInclude Include="..\..\webrtc\pc\webrtcsession.h" />
    <ClInclude Include="..\..\webrtc\pc\webrtcsessiondescriptionfactory.h" />
  </ItemGroup>
</Project>