<?xml version="1.0" encoding="utf-8"?>
<Project ToolsVersion="4.0" xmlns="http://schemas.microsoft.com/developer/msbuild/2003">
  <ItemGroup>
    <Filter Include="Source Files">
      <UniqueIdentifier>{4FC737F1-C7A5-4376-A066-2A32D752A2FF}</UniqueIdentifier>
      <Extensions>cpp;c;cc;cxx;def;odl;idl;hpj;bat;asm;asmx</Extensions>
    </Filter>
    <Filter Include="include">
      <UniqueIdentifier>{7cc74429-98a9-45fb-8f01-8fe7feaf54fe}</UniqueIdentifier>
    </Filter>
  </ItemGroup>
  <ItemGroup>
    <Text Include="ReadMe.txt" />
  </ItemGroup>
  <ItemGroup>
    <ClInclude Include="..\..\webrtc\video\call_stats.h">
      <Filter>include</Filter>
    </ClInclude>
    <ClInclude Include="..\..\webrtc\video\encoder_rtcp_feedback.h">
      <Filter>include</Filter>
    </ClInclude>
    <ClInclude Include="..\..\webrtc\video\overuse_frame_detector.h">
      <Filter>include</Filter>
    </ClInclude>
    <ClInclude Include="..\..\webrtc\video\payload_router.h">
      <Filter>include</Filter>
    </ClInclude>
    <ClInclude Include="..\..\webrtc\video\quality_threshold.h">
      <Filter>include</Filter>
    </ClInclude>
    <ClInclude Include="..\..\webrtc\video\receive_statistics_proxy.h">
      <Filter>include</Filter>
    </ClInclude>
    <ClInclude Include="..\..\webrtc\video\report_block_stats.h">
      <Filter>include</Filter>
    </ClInclude>
    <ClInclude Include="..\..\webrtc\video\rtp_stream_receiver.h">
      <Filter>include</Filter>
    </ClInclude>
    <ClInclude Include="..\..\webrtc\video\rtp_streams_synchronizer.h">
      <Filter>include</Filter>
    </ClInclude>
    <ClInclude Include="..\..\webrtc\video\send_delay_stats.h">
      <Filter>include</Filter>
    </ClInclude>
    <ClInclude Include="..\..\webrtc\video\send_statistics_proxy.h">
      <Filter>include</Filter>
    </ClInclude>
    <ClInclude Include="..\..\webrtc\video\stats_counter.h">
      <Filter>include</Filter>
    </ClInclude>
    <ClInclude Include="..\..\webrtc\video\stream_synchronization.h">
      <Filter>include</Filter>
    </ClInclude>
    <ClInclude Include="..\..\webrtc\video\transport_adapter.h">
      <Filter>include</Filter>
    </ClInclude>
    <ClInclude Include="..\..\webrtc\video\video_quality_test.h">
      <Filter>include</Filter>
    </ClInclude>
    <ClInclude Include="..\..\webrtc\video\video_receive_stream.h">
      <Filter>include</Filter>
    </ClInclude>
    <ClInclude Include="..\..\webrtc\video\video_send_stream.h">
      <Filter>include</Filter>
    </ClInclude>
    <ClInclude Include="..\..\webrtc\video\video_stream_decoder.h">
      <Filter>include</Filter>
    </ClInclude>
    <ClInclude Include="..\..\webrtc\video\vie_encoder.h">
      <Filter>include</Filter>
    </ClInclude>
    <ClInclude Include="..\..\webrtc\video\vie_remb.h">
      <Filter>include</Filter>
    </ClInclude>
  </ItemGroup>
  <ItemGroup>
    <ClCompile Include="..\..\webrtc\video\call_stats.cc">
      <Filter>Source Files</Filter>
    </ClCompile>
    <ClCompile Include="..\..\webrtc\video\encoder_rtcp_feedback.cc">
      <Filter>Source Files</Filter>
    </ClCompile>
    <ClCompile Include="..\..\webrtc\video\overuse_frame_detector.cc">
      <Filter>Source Files</Filter>
    </ClCompile>
    <ClCompile Include="..\..\webrtc\video\payload_router.cc">
      <Filter>Source Files</Filter>
    </ClCompile>
    <ClCompile Include="..\..\webrtc\video\quality_threshold.cc">
      <Filter>Source Files</Filter>
    </ClCompile>
    <ClCompile Include="..\..\webrtc\video\receive_statistics_proxy.cc">
      <Filter>Source Files</Filter>
    </ClCompile>
    <ClCompile Include="..\..\webrtc\video\report_block_stats.cc">
      <Filter>Source Files</Filter>
    </ClCompile>
    <ClCompile Include="..\..\webrtc\video\rtp_stream_receiver.cc">
      <Filter>Source Files</Filter>
    </ClCompile>
    <ClCompile Include="..\..\webrtc\video\rtp_streams_synchronizer.cc">
      <Filter>Source Files</Filter>
    </ClCompile>
    <ClCompile Include="..\..\webrtc\video\send_delay_stats.cc">
      <Filter>Source Files</Filter>
    </ClCompile>
    <ClCompile Include="..\..\webrtc\video\send_statistics_proxy.cc">
      <Filter>Source Files</Filter>
    </ClCompile>
    <ClCompile Include="..\..\webrtc\video\stats_counter.cc">
      <Filter>Source Files</Filter>
    </ClCompile>
    <ClCompile Include="..\..\webrtc\video\stream_synchronization.cc">
      <Filter>Source Files</Filter>
    </ClCompile>
    <ClCompile Include="..\..\webrtc\video\transport_adapter.cc">
      <Filter>Source Files</Filter>
    </ClCompile>
    <ClCompile Include="..\..\webrtc\video\video_receive_stream.cc">
      <Filter>Source Files</Filter>
    </ClCompile>
    <ClCompile Include="..\..\webrtc\video\video_send_stream.cc">
      <Filter>Source Files</Filter>
    </ClCompile>
    <ClCompile Include="..\..\webrtc\video\video_stream_decoder.cc">
      <Filter>Source Files</Filter>
    </ClCompile>
    <ClCompile Include="..\..\webrtc\video\vie_encoder.cc">
      <Filter>Source Files</Filter>
    </ClCompile>
    <ClCompile Include="..\..\webrtc\video\vie_remb.cc">
      <Filter>Source Files</Filter>
    </ClCompile>
  </ItemGroup>
</Project>